// !$*UTF8*$!
{
	archiveVersion = 1;
	classes = {
	};
	objectVersion = 50;
	objects = {

/* Begin PBXBuildFile section */
		8C0B8B5E21CF5084007748A2 /* AppDelegate.swift in Sources */ = {isa = PBXBuildFile; fileRef = 8C0B8B5D21CF5084007748A2 /* AppDelegate.swift */; };
		8C0B8B6021CF5084007748A2 /* ViewController.swift in Sources */ = {isa = PBXBuildFile; fileRef = 8C0B8B5F21CF5084007748A2 /* ViewController.swift */; };
		8C0B8B6321CF5084007748A2 /* Main.storyboard in Resources */ = {isa = PBXBuildFile; fileRef = 8C0B8B6121CF5084007748A2 /* Main.storyboard */; };
		8C0B8B6521CF5086007748A2 /* Assets.xcassets in Resources */ = {isa = PBXBuildFile; fileRef = 8C0B8B6421CF5086007748A2 /* Assets.xcassets */; };
		8C0B8B6821CF5086007748A2 /* LaunchScreen.storyboard in Resources */ = {isa = PBXBuildFile; fileRef = 8C0B8B6621CF5086007748A2 /* LaunchScreen.storyboard */; };
		8C8E7DA721CF57320030813B /* WhatsNewViewController+TitleView.swift in Sources */ = {isa = PBXBuildFile; fileRef = 8C8E7D8A21CF57320030813B /* WhatsNewViewController+TitleView.swift */; };
		8C8E7DA821CF57320030813B /* WhatsNewViewController+CompletionButton.swift in Sources */ = {isa = PBXBuildFile; fileRef = 8C8E7D8B21CF57320030813B /* WhatsNewViewController+CompletionButton.swift */; };
		8C8E7DA921CF57320030813B /* WhatsNewViewController+HapticFeedback.swift in Sources */ = {isa = PBXBuildFile; fileRef = 8C8E7D8C21CF57320030813B /* WhatsNewViewController+HapticFeedback.swift */; };
		8C8E7DAA21CF57320030813B /* WhatsNewViewController+Animation.swift in Sources */ = {isa = PBXBuildFile; fileRef = 8C8E7D8D21CF57320030813B /* WhatsNewViewController+Animation.swift */; };
		8C8E7DAB21CF57320030813B /* WhatsNewViewController+ItemsView.swift in Sources */ = {isa = PBXBuildFile; fileRef = 8C8E7D8E21CF57320030813B /* WhatsNewViewController+ItemsView.swift */; };
		8C8E7DAC21CF57320030813B /* WhatsNewViewController+Configuration.swift in Sources */ = {isa = PBXBuildFile; fileRef = 8C8E7D8F21CF57320030813B /* WhatsNewViewController+Configuration.swift */; };
		8C8E7DAD21CF57320030813B /* WhatsNewViewController+DetailButton.swift in Sources */ = {isa = PBXBuildFile; fileRef = 8C8E7D9021CF57320030813B /* WhatsNewViewController+DetailButton.swift */; };
		8C8E7DAE21CF57320030813B /* WhatsNewViewController.swift in Sources */ = {isa = PBXBuildFile; fileRef = 8C8E7D9121CF57320030813B /* WhatsNewViewController.swift */; };
		8C8E7DAF21CF57320030813B /* WhatsNew+Version.swift in Sources */ = {isa = PBXBuildFile; fileRef = 8C8E7D9321CF57320030813B /* WhatsNew+Version.swift */; };
		8C8E7DB021CF57320030813B /* WhatsNew+Item.swift in Sources */ = {isa = PBXBuildFile; fileRef = 8C8E7D9421CF57320030813B /* WhatsNew+Item.swift */; };
		8C8E7DB121CF57320030813B /* WhatsNew.swift in Sources */ = {isa = PBXBuildFile; fileRef = 8C8E7D9521CF57320030813B /* WhatsNew.swift */; };
		8C8E7DB221CF57320030813B /* UIColorExtension.swift in Sources */ = {isa = PBXBuildFile; fileRef = 8C8E7D9721CF57320030813B /* UIColorExtension.swift */; };
		8C8E7DB321CF57320030813B /* UIImageExtension.swift in Sources */ = {isa = PBXBuildFile; fileRef = 8C8E7D9821CF57320030813B /* UIImageExtension.swift */; };
		8C8E7DB421CF57320030813B /* WhatsNewButtonsView.swift in Sources */ = {isa = PBXBuildFile; fileRef = 8C8E7D9B21CF57320030813B /* WhatsNewButtonsView.swift */; };
		8C8E7DB521CF57320030813B /* WhatsNewCompletionButton.swift in Sources */ = {isa = PBXBuildFile; fileRef = 8C8E7D9C21CF57320030813B /* WhatsNewCompletionButton.swift */; };
		8C8E7DB621CF57320030813B /* WhatsNewDetailButton.swift in Sources */ = {isa = PBXBuildFile; fileRef = 8C8E7D9D21CF57320030813B /* WhatsNewDetailButton.swift */; };
		8C8E7DB721CF57320030813B /* WhatsNewTitleView.swift in Sources */ = {isa = PBXBuildFile; fileRef = 8C8E7D9F21CF57320030813B /* WhatsNewTitleView.swift */; };
		8C8E7DB821CF57320030813B /* WhatsNewItemTableViewCell.swift in Sources */ = {isa = PBXBuildFile; fileRef = 8C8E7DA121CF57320030813B /* WhatsNewItemTableViewCell.swift */; };
		8C8E7DB921CF57320030813B /* WhatsNewItemsView.swift in Sources */ = {isa = PBXBuildFile; fileRef = 8C8E7DA221CF57320030813B /* WhatsNewItemsView.swift */; };
		8C8E7DBA21CF57320030813B /* InMemoryWhatsNewVersionStore.swift in Sources */ = {isa = PBXBuildFile; fileRef = 8C8E7DA421CF57320030813B /* InMemoryWhatsNewVersionStore.swift */; };
		8C8E7DBB21CF57320030813B /* KeyValueWhatsNewVersionStore.swift in Sources */ = {isa = PBXBuildFile; fileRef = 8C8E7DA521CF57320030813B /* KeyValueWhatsNewVersionStore.swift */; };
		8C8E7DBC21CF57320030813B /* WhatsNewVersionStore.swift in Sources */ = {isa = PBXBuildFile; fileRef = 8C8E7DA621CF57320030813B /* WhatsNewVersionStore.swift */; };
/* End PBXBuildFile section */

/* Begin PBXFileReference section */
		8C0B8B5A21CF5084007748A2 /* What's New?.app */ = {isa = PBXFileReference; explicitFileType = wrapper.application; includeInIndex = 0; path = "What's New?.app"; sourceTree = BUILT_PRODUCTS_DIR; };
		8C0B8B5D21CF5084007748A2 /* AppDelegate.swift */ = {isa = PBXFileReference; lastKnownFileType = sourcecode.swift; path = AppDelegate.swift; sourceTree = "<group>"; };
		8C0B8B5F21CF5084007748A2 /* ViewController.swift */ = {isa = PBXFileReference; lastKnownFileType = sourcecode.swift; path = ViewController.swift; sourceTree = "<group>"; };
		8C0B8B6221CF5084007748A2 /* Base */ = {isa = PBXFileReference; lastKnownFileType = file.storyboard; name = Base; path = Base.lproj/Main.storyboard; sourceTree = "<group>"; };
		8C0B8B6421CF5086007748A2 /* Assets.xcassets */ = {isa = PBXFileReference; lastKnownFileType = folder.assetcatalog; path = Assets.xcassets; sourceTree = "<group>"; };
		8C0B8B6721CF5086007748A2 /* Base */ = {isa = PBXFileReference; lastKnownFileType = file.storyboard; name = Base; path = Base.lproj/LaunchScreen.storyboard; sourceTree = "<group>"; };
		8C0B8B6921CF5086007748A2 /* Info.plist */ = {isa = PBXFileReference; lastKnownFileType = text.plist.xml; path = Info.plist; sourceTree = "<group>"; };
		8C8E7D8A21CF57320030813B /* WhatsNewViewController+TitleView.swift */ = {isa = PBXFileReference; fileEncoding = 4; lastKnownFileType = sourcecode.swift; path = "WhatsNewViewController+TitleView.swift"; sourceTree = "<group>"; };
		8C8E7D8B21CF57320030813B /* WhatsNewViewController+CompletionButton.swift */ = {isa = PBXFileReference; fileEncoding = 4; lastKnownFileType = sourcecode.swift; path = "WhatsNewViewController+CompletionButton.swift"; sourceTree = "<group>"; };
		8C8E7D8C21CF57320030813B /* WhatsNewViewController+HapticFeedback.swift */ = {isa = PBXFileReference; fileEncoding = 4; lastKnownFileType = sourcecode.swift; path = "WhatsNewViewController+HapticFeedback.swift"; sourceTree = "<group>"; };
		8C8E7D8D21CF57320030813B /* WhatsNewViewController+Animation.swift */ = {isa = PBXFileReference; fileEncoding = 4; lastKnownFileType = sourcecode.swift; path = "WhatsNewViewController+Animation.swift"; sourceTree = "<group>"; };
		8C8E7D8E21CF57320030813B /* WhatsNewViewController+ItemsView.swift */ = {isa = PBXFileReference; fileEncoding = 4; lastKnownFileType = sourcecode.swift; path = "WhatsNewViewController+ItemsView.swift"; sourceTree = "<group>"; };
		8C8E7D8F21CF57320030813B /* WhatsNewViewController+Configuration.swift */ = {isa = PBXFileReference; fileEncoding = 4; lastKnownFileType = sourcecode.swift; path = "WhatsNewViewController+Configuration.swift"; sourceTree = "<group>"; };
		8C8E7D9021CF57320030813B /* WhatsNewViewController+DetailButton.swift */ = {isa = PBXFileReference; fileEncoding = 4; lastKnownFileType = sourcecode.swift; path = "WhatsNewViewController+DetailButton.swift"; sourceTree = "<group>"; };
		8C8E7D9121CF57320030813B /* WhatsNewViewController.swift */ = {isa = PBXFileReference; fileEncoding = 4; lastKnownFileType = sourcecode.swift; path = WhatsNewViewController.swift; sourceTree = "<group>"; };
		8C8E7D9321CF57320030813B /* WhatsNew+Version.swift */ = {isa = PBXFileReference; fileEncoding = 4; lastKnownFileType = sourcecode.swift; path = "WhatsNew+Version.swift"; sourceTree = "<group>"; };
		8C8E7D9421CF57320030813B /* WhatsNew+Item.swift */ = {isa = PBXFileReference; fileEncoding = 4; lastKnownFileType = sourcecode.swift; path = "WhatsNew+Item.swift"; sourceTree = "<group>"; };
		8C8E7D9521CF57320030813B /* WhatsNew.swift */ = {isa = PBXFileReference; fileEncoding = 4; lastKnownFileType = sourcecode.swift; path = WhatsNew.swift; sourceTree = "<group>"; };
		8C8E7D9721CF57320030813B /* UIColorExtension.swift */ = {isa = PBXFileReference; fileEncoding = 4; lastKnownFileType = sourcecode.swift; path = UIColorExtension.swift; sourceTree = "<group>"; };
		8C8E7D9821CF57320030813B /* UIImageExtension.swift */ = {isa = PBXFileReference; fileEncoding = 4; lastKnownFileType = sourcecode.swift; path = UIImageExtension.swift; sourceTree = "<group>"; };
		8C8E7D9B21CF57320030813B /* WhatsNewButtonsView.swift */ = {isa = PBXFileReference; fileEncoding = 4; lastKnownFileType = sourcecode.swift; path = WhatsNewButtonsView.swift; sourceTree = "<group>"; };
		8C8E7D9C21CF57320030813B /* WhatsNewCompletionButton.swift */ = {isa = PBXFileReference; fileEncoding = 4; lastKnownFileType = sourcecode.swift; path = WhatsNewCompletionButton.swift; sourceTree = "<group>"; };
		8C8E7D9D21CF57320030813B /* WhatsNewDetailButton.swift */ = {isa = PBXFileReference; fileEncoding = 4; lastKnownFileType = sourcecode.swift; path = WhatsNewDetailButton.swift; sourceTree = "<group>"; };
		8C8E7D9F21CF57320030813B /* WhatsNewTitleView.swift */ = {isa = PBXFileReference; fileEncoding = 4; lastKnownFileType = sourcecode.swift; path = WhatsNewTitleView.swift; sourceTree = "<group>"; };
		8C8E7DA121CF57320030813B /* WhatsNewItemTableViewCell.swift */ = {isa = PBXFileReference; fileEncoding = 4; lastKnownFileType = sourcecode.swift; path = WhatsNewItemTableViewCell.swift; sourceTree = "<group>"; };
		8C8E7DA221CF57320030813B /* WhatsNewItemsView.swift */ = {isa = PBXFileReference; fileEncoding = 4; lastKnownFileType = sourcecode.swift; path = WhatsNewItemsView.swift; sourceTree = "<group>"; };
		8C8E7DA421CF57320030813B /* InMemoryWhatsNewVersionStore.swift */ = {isa = PBXFileReference; fileEncoding = 4; lastKnownFileType = sourcecode.swift; path = InMemoryWhatsNewVersionStore.swift; sourceTree = "<group>"; };
		8C8E7DA521CF57320030813B /* KeyValueWhatsNewVersionStore.swift */ = {isa = PBXFileReference; fileEncoding = 4; lastKnownFileType = sourcecode.swift; path = KeyValueWhatsNewVersionStore.swift; sourceTree = "<group>"; };
		8C8E7DA621CF57320030813B /* WhatsNewVersionStore.swift */ = {isa = PBXFileReference; fileEncoding = 4; lastKnownFileType = sourcecode.swift; path = WhatsNewVersionStore.swift; sourceTree = "<group>"; };
/* End PBXFileReference section */

/* Begin PBXFrameworksBuildPhase section */
		8C0B8B5721CF5084007748A2 /* Frameworks */ = {
			isa = PBXFrameworksBuildPhase;
			buildActionMask = 2147483647;
			files = (
			);
			runOnlyForDeploymentPostprocessing = 0;
		};
/* End PBXFrameworksBuildPhase section */

/* Begin PBXGroup section */
		8C0B8B5121CF5084007748A2 = {
			isa = PBXGroup;
			children = (
				8C0B8B5C21CF5084007748A2 /* What's New? */,
				8C0B8B5B21CF5084007748A2 /* Products */,
			);
			sourceTree = "<group>";
		};
		8C0B8B5B21CF5084007748A2 /* Products */ = {
			isa = PBXGroup;
			children = (
				8C0B8B5A21CF5084007748A2 /* What's New?.app */,
			);
			name = Products;
			sourceTree = "<group>";
		};
		8C0B8B5C21CF5084007748A2 /* What's New? */ = {
			isa = PBXGroup;
			children = (
				8C0B8B5D21CF5084007748A2 /* AppDelegate.swift */,
				8C0B8B5F21CF5084007748A2 /* ViewController.swift */,
				8C0B8B6121CF5084007748A2 /* Main.storyboard */,
				8C0B8B6421CF5086007748A2 /* Assets.xcassets */,
				8C0B8B6621CF5086007748A2 /* LaunchScreen.storyboard */,
				8C0B8B6921CF5086007748A2 /* Info.plist */,
				8C8E7D8821CF57320030813B /* Sources */,
			);
			path = "What's New?";
			sourceTree = "<group>";
		};
		8C8E7D8821CF57320030813B /* Sources */ = {
			isa = PBXGroup;
			children = (
				8C8E7D8921CF57320030813B /* Configuration */,
				8C8E7D9121CF57320030813B /* WhatsNewViewController.swift */,
				8C8E7D9221CF57320030813B /* Models */,
				8C8E7D9621CF57320030813B /* Extensions */,
				8C8E7D9921CF57320030813B /* Views */,
				8C8E7DA321CF57320030813B /* Store */,
			);
			path = Sources;
			sourceTree = "<group>";
		};
		8C8E7D8921CF57320030813B /* Configuration */ = {
			isa = PBXGroup;
			children = (
				8C8E7D8A21CF57320030813B /* WhatsNewViewController+TitleView.swift */,
				8C8E7D8B21CF57320030813B /* WhatsNewViewController+CompletionButton.swift */,
				8C8E7D8C21CF57320030813B /* WhatsNewViewController+HapticFeedback.swift */,
				8C8E7D8D21CF57320030813B /* WhatsNewViewController+Animation.swift */,
				8C8E7D8E21CF57320030813B /* WhatsNewViewController+ItemsView.swift */,
				8C8E7D8F21CF57320030813B /* WhatsNewViewController+Configuration.swift */,
				8C8E7D9021CF57320030813B /* WhatsNewViewController+DetailButton.swift */,
			);
			path = Configuration;
			sourceTree = "<group>";
		};
		8C8E7D9221CF57320030813B /* Models */ = {
			isa = PBXGroup;
			children = (
				8C8E7D9321CF57320030813B /* WhatsNew+Version.swift */,
				8C8E7D9421CF57320030813B /* WhatsNew+Item.swift */,
				8C8E7D9521CF57320030813B /* WhatsNew.swift */,
			);
			path = Models;
			sourceTree = "<group>";
		};
		8C8E7D9621CF57320030813B /* Extensions */ = {
			isa = PBXGroup;
			children = (
				8C8E7D9721CF57320030813B /* UIColorExtension.swift */,
				8C8E7D9821CF57320030813B /* UIImageExtension.swift */,
			);
			path = Extensions;
			sourceTree = "<group>";
		};
		8C8E7D9921CF57320030813B /* Views */ = {
			isa = PBXGroup;
			children = (
				8C8E7D9A21CF57320030813B /* Buttons */,
				8C8E7D9E21CF57320030813B /* Title */,
				8C8E7DA021CF57320030813B /* Items */,
			);
			path = Views;
			sourceTree = "<group>";
		};
		8C8E7D9A21CF57320030813B /* Buttons */ = {
			isa = PBXGroup;
			children = (
				8C8E7D9B21CF57320030813B /* WhatsNewButtonsView.swift */,
				8C8E7D9C21CF57320030813B /* WhatsNewCompletionButton.swift */,
				8C8E7D9D21CF57320030813B /* WhatsNewDetailButton.swift */,
			);
			path = Buttons;
			sourceTree = "<group>";
		};
		8C8E7D9E21CF57320030813B /* Title */ = {
			isa = PBXGroup;
			children = (
				8C8E7D9F21CF57320030813B /* WhatsNewTitleView.swift */,
			);
			path = Title;
			sourceTree = "<group>";
		};
		8C8E7DA021CF57320030813B /* Items */ = {
			isa = PBXGroup;
			children = (
				8C8E7DA121CF57320030813B /* WhatsNewItemTableViewCell.swift */,
				8C8E7DA221CF57320030813B /* WhatsNewItemsView.swift */,
			);
			path = Items;
			sourceTree = "<group>";
		};
		8C8E7DA321CF57320030813B /* Store */ = {
			isa = PBXGroup;
			children = (
				8C8E7DA421CF57320030813B /* InMemoryWhatsNewVersionStore.swift */,
				8C8E7DA521CF57320030813B /* KeyValueWhatsNewVersionStore.swift */,
				8C8E7DA621CF57320030813B /* WhatsNewVersionStore.swift */,
			);
			path = Store;
			sourceTree = "<group>";
		};
/* End PBXGroup section */

/* Begin PBXNativeTarget section */
		8C0B8B5921CF5084007748A2 /* What's New? */ = {
			isa = PBXNativeTarget;
			buildConfigurationList = 8C0B8B6C21CF5086007748A2 /* Build configuration list for PBXNativeTarget "What's New?" */;
			buildPhases = (
				8C0B8B5621CF5084007748A2 /* Sources */,
				8C0B8B5721CF5084007748A2 /* Frameworks */,
				8C0B8B5821CF5084007748A2 /* Resources */,
			);
			buildRules = (
			);
			dependencies = (
			);
			name = "What's New?";
			productName = "What's New?";
			productReference = 8C0B8B5A21CF5084007748A2 /* What's New?.app */;
			productType = "com.apple.product-type.application";
		};
/* End PBXNativeTarget section */

/* Begin PBXProject section */
		8C0B8B5221CF5084007748A2 /* Project object */ = {
			isa = PBXProject;
			attributes = {
				LastSwiftUpdateCheck = 1010;
				LastUpgradeCheck = 1010;
				ORGANIZATIONNAME = "Charles Martin Reed";
				TargetAttributes = {
					8C0B8B5921CF5084007748A2 = {
						CreatedOnToolsVersion = 10.1;
					};
				};
			};
			buildConfigurationList = 8C0B8B5521CF5084007748A2 /* Build configuration list for PBXProject "What's New?" */;
			compatibilityVersion = "Xcode 9.3";
			developmentRegion = en;
			hasScannedForEncodings = 0;
			knownRegions = (
				en,
				Base,
			);
			mainGroup = 8C0B8B5121CF5084007748A2;
			productRefGroup = 8C0B8B5B21CF5084007748A2 /* Products */;
			projectDirPath = "";
			projectRoot = "";
			targets = (
				8C0B8B5921CF5084007748A2 /* What's New? */,
			);
		};
/* End PBXProject section */

/* Begin PBXResourcesBuildPhase section */
		8C0B8B5821CF5084007748A2 /* Resources */ = {
			isa = PBXResourcesBuildPhase;
			buildActionMask = 2147483647;
			files = (
				8C0B8B6821CF5086007748A2 /* LaunchScreen.storyboard in Resources */,
				8C0B8B6521CF5086007748A2 /* Assets.xcassets in Resources */,
				8C0B8B6321CF5084007748A2 /* Main.storyboard in Resources */,
			);
			runOnlyForDeploymentPostprocessing = 0;
		};
/* End PBXResourcesBuildPhase section */

/* Begin PBXSourcesBuildPhase section */
		8C0B8B5621CF5084007748A2 /* Sources */ = {
			isa = PBXSourcesBuildPhase;
			buildActionMask = 2147483647;
			files = (
				8C8E7DAC21CF57320030813B /* WhatsNewViewController+Configuration.swift in Sources */,
				8C8E7DB221CF57320030813B /* UIColorExtension.swift in Sources */,
				8C8E7DB021CF57320030813B /* WhatsNew+Item.swift in Sources */,
				8C8E7DAE21CF57320030813B /* WhatsNewViewController.swift in Sources */,
				8C8E7DAF21CF57320030813B /* WhatsNew+Version.swift in Sources */,
				8C8E7DB521CF57320030813B /* WhatsNewCompletionButton.swift in Sources */,
				8C8E7DB721CF57320030813B /* WhatsNewTitleView.swift in Sources */,
				8C8E7DBA21CF57320030813B /* InMemoryWhatsNewVersionStore.swift in Sources */,
				8C8E7DB921CF57320030813B /* WhatsNewItemsView.swift in Sources */,
				8C8E7DAB21CF57320030813B /* WhatsNewViewController+ItemsView.swift in Sources */,
				8C8E7DAA21CF57320030813B /* WhatsNewViewController+Animation.swift in Sources */,
				8C8E7DB821CF57320030813B /* WhatsNewItemTableViewCell.swift in Sources */,
				8C8E7DB121CF57320030813B /* WhatsNew.swift in Sources */,
				8C8E7DB321CF57320030813B /* UIImageExtension.swift in Sources */,
				8C0B8B6021CF5084007748A2 /* ViewController.swift in Sources */,
				8C8E7DBB21CF57320030813B /* KeyValueWhatsNewVersionStore.swift in Sources */,
				8C8E7DA821CF57320030813B /* WhatsNewViewController+CompletionButton.swift in Sources */,
				8C8E7DBC21CF57320030813B /* WhatsNewVersionStore.swift in Sources */,
				8C8E7DA721CF57320030813B /* WhatsNewViewController+TitleView.swift in Sources */,
				8C0B8B5E21CF5084007748A2 /* AppDelegate.swift in Sources */,
				8C8E7DA921CF57320030813B /* WhatsNewViewController+HapticFeedback.swift in Sources */,
				8C8E7DAD21CF57320030813B /* WhatsNewViewController+DetailButton.swift in Sources */,
				8C8E7DB421CF57320030813B /* WhatsNewButtonsView.swift in Sources */,
				8C8E7DB621CF57320030813B /* WhatsNewDetailButton.swift in Sources */,
			);
			runOnlyForDeploymentPostprocessing = 0;
		};
/* End PBXSourcesBuildPhase section */

/* Begin PBXVariantGroup section */
		8C0B8B6121CF5084007748A2 /* Main.storyboard */ = {
			isa = PBXVariantGroup;
			children = (
				8C0B8B6221CF5084007748A2 /* Base */,
			);
			name = Main.storyboard;
			sourceTree = "<group>";
		};
		8C0B8B6621CF5086007748A2 /* LaunchScreen.storyboard */ = {
			isa = PBXVariantGroup;
			children = (
				8C0B8B6721CF5086007748A2 /* Base */,
			);
			name = LaunchScreen.storyboard;
			sourceTree = "<group>";
		};
/* End PBXVariantGroup section */

/* Begin XCBuildConfiguration section */
		8C0B8B6A21CF5086007748A2 /* Debug */ = {
			isa = XCBuildConfiguration;
			buildSettings = {
				ALWAYS_SEARCH_USER_PATHS = NO;
				CLANG_ANALYZER_NONNULL = YES;
				CLANG_ANALYZER_NUMBER_OBJECT_CONVERSION = YES_AGGRESSIVE;
				CLANG_CXX_LANGUAGE_STANDARD = "gnu++14";
				CLANG_CXX_LIBRARY = "libc++";
				CLANG_ENABLE_MODULES = YES;
				CLANG_ENABLE_OBJC_ARC = YES;
				CLANG_ENABLE_OBJC_WEAK = YES;
				CLANG_WARN_BLOCK_CAPTURE_AUTORELEASING = YES;
				CLANG_WARN_BOOL_CONVERSION = YES;
				CLANG_WARN_COMMA = YES;
				CLANG_WARN_CONSTANT_CONVERSION = YES;
				CLANG_WARN_DEPRECATED_OBJC_IMPLEMENTATIONS = YES;
				CLANG_WARN_DIRECT_OBJC_ISA_USAGE = YES_ERROR;
				CLANG_WARN_DOCUMENTATION_COMMENTS = YES;
				CLANG_WARN_EMPTY_BODY = YES;
				CLANG_WARN_ENUM_CONVERSION = YES;
				CLANG_WARN_INFINITE_RECURSION = YES;
				CLANG_WARN_INT_CONVERSION = YES;
				CLANG_WARN_NON_LITERAL_NULL_CONVERSION = YES;
				CLANG_WARN_OBJC_IMPLICIT_RETAIN_SELF = YES;
				CLANG_WARN_OBJC_LITERAL_CONVERSION = YES;
				CLANG_WARN_OBJC_ROOT_CLASS = YES_ERROR;
				CLANG_WARN_RANGE_LOOP_ANALYSIS = YES;
				CLANG_WARN_STRICT_PROTOTYPES = YES;
				CLANG_WARN_SUSPICIOUS_MOVE = YES;
				CLANG_WARN_UNGUARDED_AVAILABILITY = YES_AGGRESSIVE;
				CLANG_WARN_UNREACHABLE_CODE = YES;
				CLANG_WARN__DUPLICATE_METHOD_MATCH = YES;
				CODE_SIGN_IDENTITY = "iPhone Developer";
				COPY_PHASE_STRIP = NO;
				DEBUG_INFORMATION_FORMAT = dwarf;
				ENABLE_STRICT_OBJC_MSGSEND = YES;
				ENABLE_TESTABILITY = YES;
				GCC_C_LANGUAGE_STANDARD = gnu11;
				GCC_DYNAMIC_NO_PIC = NO;
				GCC_NO_COMMON_BLOCKS = YES;
				GCC_OPTIMIZATION_LEVEL = 0;
				GCC_PREPROCESSOR_DEFINITIONS = (
					"DEBUG=1",
					"$(inherited)",
				);
				GCC_WARN_64_TO_32_BIT_CONVERSION = YES;
				GCC_WARN_ABOUT_RETURN_TYPE = YES_ERROR;
				GCC_WARN_UNDECLARED_SELECTOR = YES;
				GCC_WARN_UNINITIALIZED_AUTOS = YES_AGGRESSIVE;
				GCC_WARN_UNUSED_FUNCTION = YES;
				GCC_WARN_UNUSED_VARIABLE = YES;
				IPHONEOS_DEPLOYMENT_TARGET = 12.1;
				MTL_ENABLE_DEBUG_INFO = INCLUDE_SOURCE;
				MTL_FAST_MATH = YES;
				ONLY_ACTIVE_ARCH = YES;
				SDKROOT = iphoneos;
				SWIFT_ACTIVE_COMPILATION_CONDITIONS = DEBUG;
				SWIFT_OPTIMIZATION_LEVEL = "-Onone";
			};
			name = Debug;
		};
		8C0B8B6B21CF5086007748A2 /* Release */ = {
			isa = XCBuildConfiguration;
			buildSettings = {
				ALWAYS_SEARCH_USER_PATHS = NO;
				CLANG_ANALYZER_NONNULL = YES;
				CLANG_ANALYZER_NUMBER_OBJECT_CONVERSION = YES_AGGRESSIVE;
				CLANG_CXX_LANGUAGE_STANDARD = "gnu++14";
				CLANG_CXX_LIBRARY = "libc++";
				CLANG_ENABLE_MODULES = YES;
				CLANG_ENABLE_OBJC_ARC = YES;
				CLANG_ENABLE_OBJC_WEAK = YES;
				CLANG_WARN_BLOCK_CAPTURE_AUTORELEASING = YES;
				CLANG_WARN_BOOL_CONVERSION = YES;
				CLANG_WARN_COMMA = YES;
				CLANG_WARN_CONSTANT_CONVERSION = YES;
				CLANG_WARN_DEPRECATED_OBJC_IMPLEMENTATIONS = YES;
				CLANG_WARN_DIRECT_OBJC_ISA_USAGE = YES_ERROR;
				CLANG_WARN_DOCUMENTATION_COMMENTS = YES;
				CLANG_WARN_EMPTY_BODY = YES;
				CLANG_WARN_ENUM_CONVERSION = YES;
				CLANG_WARN_INFINITE_RECURSION = YES;
				CLANG_WARN_INT_CONVERSION = YES;
				CLANG_WARN_NON_LITERAL_NULL_CONVERSION = YES;
				CLANG_WARN_OBJC_IMPLICIT_RETAIN_SELF = YES;
				CLANG_WARN_OBJC_LITERAL_CONVERSION = YES;
				CLANG_WARN_OBJC_ROOT_CLASS = YES_ERROR;
				CLANG_WARN_RANGE_LOOP_ANALYSIS = YES;
				CLANG_WARN_STRICT_PROTOTYPES = YES;
				CLANG_WARN_SUSPICIOUS_MOVE = YES;
				CLANG_WARN_UNGUARDED_AVAILABILITY = YES_AGGRESSIVE;
				CLANG_WARN_UNREACHABLE_CODE = YES;
				CLANG_WARN__DUPLICATE_METHOD_MATCH = YES;
				CODE_SIGN_IDENTITY = "iPhone Developer";
				COPY_PHASE_STRIP = NO;
				DEBUG_INFORMATION_FORMAT = "dwarf-with-dsym";
				ENABLE_NS_ASSERTIONS = NO;
				ENABLE_STRICT_OBJC_MSGSEND = YES;
				GCC_C_LANGUAGE_STANDARD = gnu11;
				GCC_NO_COMMON_BLOCKS = YES;
				GCC_WARN_64_TO_32_BIT_CONVERSION = YES;
				GCC_WARN_ABOUT_RETURN_TYPE = YES_ERROR;
				GCC_WARN_UNDECLARED_SELECTOR = YES;
				GCC_WARN_UNINITIALIZED_AUTOS = YES_AGGRESSIVE;
				GCC_WARN_UNUSED_FUNCTION = YES;
				GCC_WARN_UNUSED_VARIABLE = YES;
				IPHONEOS_DEPLOYMENT_TARGET = 12.1;
				MTL_ENABLE_DEBUG_INFO = NO;
				MTL_FAST_MATH = YES;
				SDKROOT = iphoneos;
				SWIFT_COMPILATION_MODE = wholemodule;
				SWIFT_OPTIMIZATION_LEVEL = "-O";
				VALIDATE_PRODUCT = YES;
			};
			name = Release;
		};
		8C0B8B6D21CF5086007748A2 /* Debug */ = {
			isa = XCBuildConfiguration;
			buildSettings = {
				ASSETCATALOG_COMPILER_APPICON_NAME = AppIcon;
				CODE_SIGN_STYLE = Automatic;
				DEVELOPMENT_TEAM = 7Q58872TYB;
				INFOPLIST_FILE = "What's New?/Info.plist";
				LD_RUNPATH_SEARCH_PATHS = (
					"$(inherited)",
					"@executable_path/Frameworks",
				);
				PRODUCT_BUNDLE_IDENTIFIER = "com.charlesmartinreed.What-s-New-";
				PRODUCT_NAME = "$(TARGET_NAME)";
				SWIFT_VERSION = 4.2;
				TARGETED_DEVICE_FAMILY = "1,2";
			};
			name = Debug;
		};
		8C0B8B6E21CF5086007748A2 /* Release */ = {
			isa = XCBuildConfiguration;
			buildSettings = {
				ASSETCATALOG_COMPILER_APPICON_NAME = AppIcon;
				CODE_SIGN_STYLE = Automatic;
				DEVELOPMENT_TEAM = 7Q58872TYB;
				INFOPLIST_FILE = "What's New?/Info.plist";
				LD_RUNPATH_SEARCH_PATHS = (
					"$(inherited)",
					"@executable_path/Frameworks",
				);
				PRODUCT_BUNDLE_IDENTIFIER = "com.charlesmartinreed.What-s-New-";
				PRODUCT_NAME = "$(TARGET_NAME)";
				SWIFT_VERSION = 4.2;
				TARGETED_DEVICE_FAMILY = "1,2";
			};
			name = Release;
		};
/* End XCBuildConfiguration section */

/* Begin XCConfigurationList section */
		8C0B8B5521CF5084007748A2 /* Build configuration list for PBXProject "What's New?" */ = {
			isa = XCConfigurationList;
			buildConfigurations = (
				8C0B8B6A21CF5086007748A2 /* Debug */,
				8C0B8B6B21CF5086007748A2 /* Release */,
			);
			defaultConfigurationIsVisible = 0;
			defaultConfigurationName = Release;
		};
		8C0B8B6C21CF5086007748A2 /* Build configuration list for PBXNativeTarget "What's New?" */ = {
			isa = XCConfigurationList;
			buildConfigurations = (
				8C0B8B6D21CF5086007748A2 /* Debug */,
				8C0B8B6E21CF5086007748A2 /* Release */,
			);
			defaultConfigurationIsVisible = 0;
			defaultConfigurationName = Release;
		};
/* End XCConfigurationList section */
	};
	rootObject = 8C0B8B5221CF5084007748A2 /* Project object */;
}
